
Microsoft Visual Studio Solution File, Format Version 12.00
# Visual Studio Version 16
VisualStudioVersion = 16.0.31112.23
MinimumVisualStudioVersion = 10.0.40219.1
Project("{8BC9CEB8-8B4A-11D0-8D11-00A0C91BC942}") = "sierpinski-triangle", "sierpinski-triangle\sierpinski-triangle.vcxproj", "{58A153BE-7DC3-49AB-B6DC-5A71F0618CED}"
EndProject
Global
	GlobalSection(SolutionConfigurationPlatforms) = preSolution
		Debug|x64 = Debug|x64
		Debug|x86 = Debug|x86
		Release|x64 = Release|x64
		Release|x86 = Release|x86
	EndGlobalSection
	GlobalSection(ProjectConfigurationPlatforms) = postSolution
		{58A153BE-7DC3-49AB-B6DC-5A71F0618CED}.Debug|x64.ActiveCfg = Debug|x64
		{58A153BE-7DC3-49AB-B6DC-5A71F0618CED}.Debug|x64.Build.0 = Debug|x64
		{58A153BE-7DC3-49AB-B6DC-5A71F0618CED}.Debug|x86.ActiveCfg = Debug|Win32
		{58A153BE-7DC3-49AB-B6DC-5A71F0618CED}.Debug|x86.Build.0 = Debug|Win32
		{58A153BE-7DC3-49AB-B6DC-5A71F0618CED}.Release|x64.ActiveCfg = Release|x64
		{58A153BE-7DC3-49AB-B6DC-5A71F0618CED}.Release|x64.Build.0 = Release|x64
		{58A153BE-7DC3-49AB-B6DC-5A71F0618CED}.Release|x86.ActiveCfg = Release|Win32
		{58A153BE-7DC3-49AB-B6DC-5A71F0618CED}.Release|x86.Build.0 = Release|Win32
	EndGlobalSection
	GlobalSection(SolutionProperties) = preSolution
		HideSolutionNode = FALSE
	EndGlobalSection
	GlobalSection(ExtensibilityGlobals) = postSolution
		SolutionGuid = {48940124-3C30-415E-A5FC-5B8541F7E270}
	EndGlobalSection
EndGlobal
